// !$*UTF8*$!
{
	archiveVersion = 1;
	classes = {
	};
	objectVersion = 50;
	objects = {

/* Begin PBXBuildFile section */
		FD3B9DB722AE46D800BA5BA8 /* Reptiel.swift in Sources */ = {isa = PBXBuildFile; fileRef = FD3B9DB622AE46D800BA5BA8 /* Reptiel.swift */; };
		FDCCEC7822AC2A5700019E18 /* AppDelegate.swift in Sources */ = {isa = PBXBuildFile; fileRef = FDCCEC7722AC2A5700019E18 /* AppDelegate.swift */; };
		FDCCEC7D22AC2A5700019E18 /* Main.storyboard in Resources */ = {isa = PBXBuildFile; fileRef = FDCCEC7B22AC2A5700019E18 /* Main.storyboard */; };
		FDCCEC8222AC2A5800019E18 /* Assets.xcassets in Resources */ = {isa = PBXBuildFile; fileRef = FDCCEC8122AC2A5800019E18 /* Assets.xcassets */; };
		FDCCEC8522AC2A5800019E18 /* LaunchScreen.storyboard in Resources */ = {isa = PBXBuildFile; fileRef = FDCCEC8322AC2A5800019E18 /* LaunchScreen.storyboard */; };
		FDCCEC9122AC2AB100019E18 /* Default-568h@2x.png in Resources */ = {isa = PBXBuildFile; fileRef = FDCCEC9022AC2AB100019E18 /* Default-568h@2x.png */; };
		FDCCEC9522AC2C6C00019E18 /* Animal.swift in Sources */ = {isa = PBXBuildFile; fileRef = FDCCEC9422AC2C6C00019E18 /* Animal.swift */; };
		FDCCEC9722AC36E300019E18 /* Vis.swift in Sources */ = {isa = PBXBuildFile; fileRef = FDCCEC9622AC36E300019E18 /* Vis.swift */; };
		FDCCEC9922AC4FF100019E18 /* Vogel.swift in Sources */ = {isa = PBXBuildFile; fileRef = FDCCEC9822AC4FF100019E18 /* Vogel.swift */; };
		FDCCEC9B22AC504900019E18 /* Zoogdier.swift in Sources */ = {isa = PBXBuildFile; fileRef = FDCCEC9A22AC504900019E18 /* Zoogdier.swift */; };
		FDCCEC9D22AC5A3900019E18 /* AnimalController.swift in Sources */ = {isa = PBXBuildFile; fileRef = FDCCEC9C22AC5A3900019E18 /* AnimalController.swift */; };
		FDCCEC9F22AC5A5300019E18 /* DetailController.swift in Sources */ = {isa = PBXBuildFile; fileRef = FDCCEC9E22AC5A5300019E18 /* DetailController.swift */; };
		FDCCECA122AC5ADB00019E18 /* ZooDataSource.swift in Sources */ = {isa = PBXBuildFile; fileRef = FDCCECA022AC5ADB00019E18 /* ZooDataSource.swift */; };
/* End PBXBuildFile section */

/* Begin PBXFileReference section */
		FD3B9DB622AE46D800BA5BA8 /* Reptiel.swift */ = {isa = PBXFileReference; lastKnownFileType = sourcecode.swift; path = Reptiel.swift; sourceTree = "<group>"; };
		FDCCEC7422AC2A5700019E18 /* Demo Zoo.app */ = {isa = PBXFileReference; explicitFileType = wrapper.application; includeInIndex = 0; path = "Demo Zoo.app"; sourceTree = BUILT_PRODUCTS_DIR; };
		FDCCEC7722AC2A5700019E18 /* AppDelegate.swift */ = {isa = PBXFileReference; lastKnownFileType = sourcecode.swift; path = AppDelegate.swift; sourceTree = "<group>"; };
		FDCCEC7C22AC2A5700019E18 /* Base */ = {isa = PBXFileReference; lastKnownFileType = file.storyboard; name = Base; path = Base.lproj/Main.storyboard; sourceTree = "<group>"; };
		FDCCEC8122AC2A5800019E18 /* Assets.xcassets */ = {isa = PBXFileReference; lastKnownFileType = folder.assetcatalog; path = Assets.xcassets; sourceTree = "<group>"; };
		FDCCEC8422AC2A5800019E18 /* Base */ = {isa = PBXFileReference; lastKnownFileType = file.storyboard; name = Base; path = Base.lproj/LaunchScreen.storyboard; sourceTree = "<group>"; };
		FDCCEC8622AC2A5800019E18 /* Info.plist */ = {isa = PBXFileReference; lastKnownFileType = text.plist.xml; path = Info.plist; sourceTree = "<group>"; };
		FDCCEC9022AC2AB100019E18 /* Default-568h@2x.png */ = {isa = PBXFileReference; lastKnownFileType = image.png; path = "Default-568h@2x.png"; sourceTree = "<group>"; };
		FDCCEC9422AC2C6C00019E18 /* Animal.swift */ = {isa = PBXFileReference; lastKnownFileType = sourcecode.swift; path = Animal.swift; sourceTree = "<group>"; };
		FDCCEC9622AC36E300019E18 /* Vis.swift */ = {isa = PBXFileReference; lastKnownFileType = sourcecode.swift; path = Vis.swift; sourceTree = "<group>"; };
		FDCCEC9822AC4FF100019E18 /* Vogel.swift */ = {isa = PBXFileReference; lastKnownFileType = sourcecode.swift; path = Vogel.swift; sourceTree = "<group>"; };
		FDCCEC9A22AC504900019E18 /* Zoogdier.swift */ = {isa = PBXFileReference; lastKnownFileType = sourcecode.swift; path = Zoogdier.swift; sourceTree = "<group>"; };
		FDCCEC9C22AC5A3900019E18 /* AnimalController.swift */ = {isa = PBXFileReference; lastKnownFileType = sourcecode.swift; path = AnimalController.swift; sourceTree = "<group>"; };
		FDCCEC9E22AC5A5300019E18 /* DetailController.swift */ = {isa = PBXFileReference; lastKnownFileType = sourcecode.swift; path = DetailController.swift; sourceTree = "<group>"; };
		FDCCECA022AC5ADB00019E18 /* ZooDataSource.swift */ = {isa = PBXFileReference; lastKnownFileType = sourcecode.swift; path = ZooDataSource.swift; sourceTree = "<group>"; };
/* End PBXFileReference section */

/* Begin PBXFrameworksBuildPhase section */
		FDCCEC7122AC2A5700019E18 /* Frameworks */ = {
			isa = PBXFrameworksBuildPhase;
			buildActionMask = 2147483647;
			files = (
			);
			runOnlyForDeploymentPostprocessing = 0;
		};
/* End PBXFrameworksBuildPhase section */

/* Begin PBXGroup section */
		FDCCEC6B22AC2A5700019E18 = {
			isa = PBXGroup;
			children = (
				FDCCEC7622AC2A5700019E18 /* Demo Zoo */,
				FDCCEC8622AC2A5800019E18 /* Info.plist */,
				FDCCEC7522AC2A5700019E18 /* Products */,
			);
			sourceTree = "<group>";
		};
		FDCCEC7522AC2A5700019E18 /* Products */ = {
			isa = PBXGroup;
			children = (
				FDCCEC7422AC2A5700019E18 /* Demo Zoo.app */,
			);
			name = Products;
			sourceTree = "<group>";
		};
		FDCCEC7622AC2A5700019E18 /* Demo Zoo */ = {
			isa = PBXGroup;
			children = (
				FDCCEC8F22AC2A8F00019E18 /* resources */,
				FDCCEC8E22AC2A7700019E18 /* Model */,
				FDCCEC8D22AC2A7000019E18 /* View */,
				FDCCEC8C22AC2A6700019E18 /* Controller */,
			);
			path = "Demo Zoo";
			sourceTree = "<group>";
		};
		FDCCEC8C22AC2A6700019E18 /* Controller */ = {
			isa = PBXGroup;
			children = (
				FDCCEC7722AC2A5700019E18 /* AppDelegate.swift */,
				FDCCEC9C22AC5A3900019E18 /* AnimalController.swift */,
				FDCCEC9E22AC5A5300019E18 /* DetailController.swift */,
			);
			path = Controller;
			sourceTree = "<group>";
		};
		FDCCEC8D22AC2A7000019E18 /* View */ = {
			isa = PBXGroup;
			children = (
				FDCCEC7B22AC2A5700019E18 /* Main.storyboard */,
				FDCCEC8322AC2A5800019E18 /* LaunchScreen.storyboard */,
			);
			path = View;
			sourceTree = "<group>";
		};
		FDCCEC8E22AC2A7700019E18 /* Model */ = {
			isa = PBXGroup;
			children = (
				FDCCEC9422AC2C6C00019E18 /* Animal.swift */,
				FD3B9DB622AE46D800BA5BA8 /* Reptiel.swift */,
				FDCCEC9622AC36E300019E18 /* Vis.swift */,
				FDCCEC9822AC4FF100019E18 /* Vogel.swift */,
				FDCCEC9A22AC504900019E18 /* Zoogdier.swift */,
				FDCCECA022AC5ADB00019E18 /* ZooDataSource.swift */,
			);
			path = Model;
			sourceTree = "<group>";
		};
		FDCCEC8F22AC2A8F00019E18 /* resources */ = {
			isa = PBXGroup;
			children = (
				FDCCEC8122AC2A5800019E18 /* Assets.xcassets */,
				FDCCEC9022AC2AB100019E18 /* Default-568h@2x.png */,
			);
			path = resources;
			sourceTree = "<group>";
		};
/* End PBXGroup section */

/* Begin PBXNativeTarget section */
		FDCCEC7322AC2A5700019E18 /* Demo Zoo */ = {
			isa = PBXNativeTarget;
			buildConfigurationList = FDCCEC8922AC2A5800019E18 /* Build configuration list for PBXNativeTarget "Demo Zoo" */;
			buildPhases = (
				FDCCEC7022AC2A5700019E18 /* Sources */,
				FDCCEC7122AC2A5700019E18 /* Frameworks */,
				FDCCEC7222AC2A5700019E18 /* Resources */,
			);
			buildRules = (
			);
			dependencies = (
			);
			name = "Demo Zoo";
			productName = "Demo Zoo";
			productReference = FDCCEC7422AC2A5700019E18 /* Demo Zoo.app */;
			productType = "com.apple.product-type.application";
		};
/* End PBXNativeTarget section */

/* Begin PBXProject section */
		FDCCEC6C22AC2A5700019E18 /* Project object */ = {
			isa = PBXProject;
			attributes = {
				LastSwiftUpdateCheck = 1020;
				LastUpgradeCheck = 1020;
				ORGANIZATIONNAME = "Simon Hitipeuw";
				TargetAttributes = {
					FDCCEC7322AC2A5700019E18 = {
						CreatedOnToolsVersion = 10.2;
					};
				};
			};
			buildConfigurationList = FDCCEC6F22AC2A5700019E18 /* Build configuration list for PBXProject "Demo Zoo" */;
			compatibilityVersion = "Xcode 9.3";
			developmentRegion = en;
			hasScannedForEncodings = 0;
			knownRegions = (
				en,
				Base,
			);
			mainGroup = FDCCEC6B22AC2A5700019E18;
			productRefGroup = FDCCEC7522AC2A5700019E18 /* Products */;
			projectDirPath = "";
			projectRoot = "";
			targets = (
				FDCCEC7322AC2A5700019E18 /* Demo Zoo */,
			);
		};
/* End PBXProject section */

/* Begin PBXResourcesBuildPhase section */
		FDCCEC7222AC2A5700019E18 /* Resources */ = {
			isa = PBXResourcesBuildPhase;
			buildActionMask = 2147483647;
			files = (
				FDCCEC8522AC2A5800019E18 /* LaunchScreen.storyboard in Resources */,
				FDCCEC9122AC2AB100019E18 /* Default-568h@2x.png in Resources */,
				FDCCEC8222AC2A5800019E18 /* Assets.xcassets in Resources */,
				FDCCEC7D22AC2A5700019E18 /* Main.storyboard in Resources */,
			);
			runOnlyForDeploymentPostprocessing = 0;
		};
/* End PBXResourcesBuildPhase section */

/* Begin PBXSourcesBuildPhase section */
		FDCCEC7022AC2A5700019E18 /* Sources */ = {
			isa = PBXSourcesBuildPhase;
			buildActionMask = 2147483647;
			files = (
				FDCCEC9722AC36E300019E18 /* Vis.swift in Sources */,
				FD3B9DB722AE46D800BA5BA8 /* Reptiel.swift in Sources */,
				FDCCEC9D22AC5A3900019E18 /* AnimalController.swift in Sources */,
				FDCCEC9B22AC504900019E18 /* Zoogdier.swift in Sources */,
				FDCCECA122AC5ADB00019E18 /* ZooDataSource.swift in Sources */,
				FDCCEC7822AC2A5700019E18 /* AppDelegate.swift in Sources */,
				FDCCEC9922AC4FF100019E18 /* Vogel.swift in Sources */,
				FDCCEC9F22AC5A5300019E18 /* DetailController.swift in Sources */,
				FDCCEC9522AC2C6C00019E18 /* Animal.swift in Sources */,
			);
			runOnlyForDeploymentPostprocessing = 0;
		};
/* End PBXSourcesBuildPhase section */

/* Begin PBXVariantGroup section */
		FDCCEC7B22AC2A5700019E18 /* Main.storyboard */ = {
			isa = PBXVariantGroup;
			children = (
				FDCCEC7C22AC2A5700019E18 /* Base */,
			);
			name = Main.storyboard;
			sourceTree = "<group>";
		};
		FDCCEC8322AC2A5800019E18 /* LaunchScreen.storyboard */ = {
			isa = PBXVariantGroup;
			children = (
				FDCCEC8422AC2A5800019E18 /* Base */,
			);
			name = LaunchScreen.storyboard;
			sourceTree = "<group>";
		};
/* End PBXVariantGroup section */

/* Begin XCBuildConfiguration section */
		FDCCEC8722AC2A5800019E18 /* Debug */ = {
			isa = XCBuildConfiguration;
			buildSettings = {
				ALWAYS_SEARCH_USER_PATHS = NO;
				CLANG_ANALYZER_NONNULL = YES;
				CLANG_ANALYZER_NUMBER_OBJECT_CONVERSION = YES_AGGRESSIVE;
				CLANG_CXX_LANGUAGE_STANDARD = "gnu++14";
				CLANG_CXX_LIBRARY = "libc++";
				CLANG_ENABLE_MODULES = YES;
				CLANG_ENABLE_OBJC_ARC = YES;
				CLANG_ENABLE_OBJC_WEAK = YES;
				CLANG_WARN_BLOCK_CAPTURE_AUTORELEASING = YES;
				CLANG_WARN_BOOL_CONVERSION = YES;
				CLANG_WARN_COMMA = YES;
				CLANG_WARN_CONSTANT_CONVERSION = YES;
				CLANG_WARN_DEPRECATED_OBJC_IMPLEMENTATIONS = YES;
				CLANG_WARN_DIRECT_OBJC_ISA_USAGE = YES_ERROR;
				CLANG_WARN_DOCUMENTATION_COMMENTS = YES;
				CLANG_WARN_EMPTY_BODY = YES;
				CLANG_WARN_ENUM_CONVERSION = YES;
				CLANG_WARN_INFINITE_RECURSION = YES;
				CLANG_WARN_INT_CONVERSION = YES;
				CLANG_WARN_NON_LITERAL_NULL_CONVERSION = YES;
				CLANG_WARN_OBJC_IMPLICIT_RETAIN_SELF = YES;
				CLANG_WARN_OBJC_LITERAL_CONVERSION = YES;
				CLANG_WARN_OBJC_ROOT_CLASS = YES_ERROR;
				CLANG_WARN_RANGE_LOOP_ANALYSIS = YES;
				CLANG_WARN_STRICT_PROTOTYPES = YES;
				CLANG_WARN_SUSPICIOUS_MOVE = YES;
				CLANG_WARN_UNGUARDED_AVAILABILITY = YES_AGGRESSIVE;
				CLANG_WARN_UNREACHABLE_CODE = YES;
				CLANG_WARN__DUPLICATE_METHOD_MATCH = YES;
				CODE_SIGN_IDENTITY = "iPhone Developer";
				COPY_PHASE_STRIP = NO;
				DEBUG_INFORMATION_FORMAT = dwarf;
				ENABLE_STRICT_OBJC_MSGSEND = YES;
				ENABLE_TESTABILITY = YES;
				GCC_C_LANGUAGE_STANDARD = gnu11;
				GCC_DYNAMIC_NO_PIC = NO;
				GCC_NO_COMMON_BLOCKS = YES;
				GCC_OPTIMIZATION_LEVEL = 0;
				GCC_PREPROCESSOR_DEFINITIONS = (
					"DEBUG=1",
					"$(inherited)",
				);
				GCC_WARN_64_TO_32_BIT_CONVERSION = YES;
				GCC_WARN_ABOUT_RETURN_TYPE = YES_ERROR;
				GCC_WARN_UNDECLARED_SELECTOR = YES;
				GCC_WARN_UNINITIALIZED_AUTOS = YES_AGGRESSIVE;
				GCC_WARN_UNUSED_FUNCTION = YES;
				GCC_WARN_UNUSED_VARIABLE = YES;
				IPHONEOS_DEPLOYMENT_TARGET = 12.2;
				MTL_ENABLE_DEBUG_INFO = INCLUDE_SOURCE;
				MTL_FAST_MATH = YES;
				ONLY_ACTIVE_ARCH = YES;
				SDKROOT = iphoneos;
				SWIFT_ACTIVE_COMPILATION_CONDITIONS = DEBUG;
				SWIFT_OPTIMIZATION_LEVEL = "-Onone";
			};
			name = Debug;
		};
		FDCCEC8822AC2A5800019E18 /* Release */ = {
			isa = XCBuildConfiguration;
			buildSettings = {
				ALWAYS_SEARCH_USER_PATHS = NO;
				CLANG_ANALYZER_NONNULL = YES;
				CLANG_ANALYZER_NUMBER_OBJECT_CONVERSION = YES_AGGRESSIVE;
				CLANG_CXX_LANGUAGE_STANDARD = "gnu++14";
				CLANG_CXX_LIBRARY = "libc++";
				CLANG_ENABLE_MODULES = YES;
				CLANG_ENABLE_OBJC_ARC = YES;
				CLANG_ENABLE_OBJC_WEAK = YES;
				CLANG_WARN_BLOCK_CAPTURE_AUTORELEASING = YES;
				CLANG_WARN_BOOL_CONVERSION = YES;
				CLANG_WARN_COMMA = YES;
				CLANG_WARN_CONSTANT_CONVERSION = YES;
				CLANG_WARN_DEPRECATED_OBJC_IMPLEMENTATIONS = YES;
				CLANG_WARN_DIRECT_OBJC_ISA_USAGE = YES_ERROR;
				CLANG_WARN_DOCUMENTATION_COMMENTS = YES;
				CLANG_WARN_EMPTY_BODY = YES;
				CLANG_WARN_ENUM_CONVERSION = YES;
				CLANG_WARN_INFINITE_RECURSION = YES;
				CLANG_WARN_INT_CONVERSION = YES;
				CLANG_WARN_NON_LITERAL_NULL_CONVERSION = YES;
				CLANG_WARN_OBJC_IMPLICIT_RETAIN_SELF = YES;
				CLANG_WARN_OBJC_LITERAL_CONVERSION = YES;
				CLANG_WARN_OBJC_ROOT_CLASS = YES_ERROR;
				CLANG_WARN_RANGE_LOOP_ANALYSIS = YES;
				CLANG_WARN_STRICT_PROTOTYPES = YES;
				CLANG_WARN_SUSPICIOUS_MOVE = YES;
				CLANG_WARN_UNGUARDED_AVAILABILITY = YES_AGGRESSIVE;
				CLANG_WARN_UNREACHABLE_CODE = YES;
				CLANG_WARN__DUPLICATE_METHOD_MATCH = YES;
				CODE_SIGN_IDENTITY = "iPhone Developer";
				COPY_PHASE_STRIP = NO;
				DEBUG_INFORMATION_FORMAT = "dwarf-with-dsym";
				ENABLE_NS_ASSERTIONS = NO;
				ENABLE_STRICT_OBJC_MSGSEND = YES;
				GCC_C_LANGUAGE_STANDARD = gnu11;
				GCC_NO_COMMON_BLOCKS = YES;
				GCC_WARN_64_TO_32_BIT_CONVERSION = YES;
				GCC_WARN_ABOUT_RETURN_TYPE = YES_ERROR;
				GCC_WARN_UNDECLARED_SELECTOR = YES;
				GCC_WARN_UNINITIALIZED_AUTOS = YES_AGGRESSIVE;
				GCC_WARN_UNUSED_FUNCTION = YES;
				GCC_WARN_UNUSED_VARIABLE = YES;
				IPHONEOS_DEPLOYMENT_TARGET = 12.2;
				MTL_ENABLE_DEBUG_INFO = NO;
				MTL_FAST_MATH = YES;
				SDKROOT = iphoneos;
				SWIFT_COMPILATION_MODE = wholemodule;
				SWIFT_OPTIMIZATION_LEVEL = "-O";
				VALIDATE_PRODUCT = YES;
			};
			name = Release;
		};
		FDCCEC8A22AC2A5800019E18 /* Debug */ = {
			isa = XCBuildConfiguration;
			buildSettings = {
				ASSETCATALOG_COMPILER_APPICON_NAME = AppIcon;
				CODE_SIGN_STYLE = Automatic;
				DEVELOPMENT_TEAM = G4MAT4VZ2E;
				INFOPLIST_FILE = "Demo Zoo/Info.plist";
				LD_RUNPATH_SEARCH_PATHS = (
					"$(inherited)",
					"@executable_path/Frameworks",
				);
				PRODUCT_BUNDLE_IDENTIFIER = "com.appstizers4u.Demo-Zoo";
				PRODUCT_NAME = "$(TARGET_NAME)";
				SWIFT_VERSION = 5.0;
				TARGETED_DEVICE_FAMILY = "1,2";
			};
			name = Debug;
		};
		FDCCEC8B22AC2A5800019E18 /* Release */ = {
			isa = XCBuildConfiguration;
			buildSettings = {
				ASSETCATALOG_COMPILER_APPICON_NAME = AppIcon;
				CODE_SIGN_STYLE = Automatic;
				DEVELOPMENT_TEAM = G4MAT4VZ2E;
				INFOPLIST_FILE = "Demo Zoo/Info.plist";
				LD_RUNPATH_SEARCH_PATHS = (
					"$(inherited)",
					"@executable_path/Frameworks",
				);
				PRODUCT_BUNDLE_IDENTIFIER = "com.appstizers4u.Demo-Zoo";
				PRODUCT_NAME = "$(TARGET_NAME)";
				SWIFT_VERSION = 5.0;
				TARGETED_DEVICE_FAMILY = "1,2";
			};
			name = Release;
		};
/* End XCBuildConfiguration section */

/* Begin XCConfigurationList section */
		FDCCEC6F22AC2A5700019E18 /* Build configuration list for PBXProject "Demo Zoo" */ = {
			isa = XCConfigurationList;
			buildConfigurations = (
				FDCCEC8722AC2A5800019E18 /* Debug */,
				FDCCEC8822AC2A5800019E18 /* Release */,
			);
			defaultConfigurationIsVisible = 0;
			defaultConfigurationName = Release;
		};
		FDCCEC8922AC2A5800019E18 /* Build configuration list for PBXNativeTarget "Demo Zoo" */ = {
			isa = XCConfigurationList;
			buildConfigurations = (
				FDCCEC8A22AC2A5800019E18 /* Debug */,
				FDCCEC8B22AC2A5800019E18 /* Release */,
			);
			defaultConfigurationIsVisible = 0;
			defaultConfigurationName = Release;
		};
/* End XCConfigurationList section */
	};
	rootObject = FDCCEC6C22AC2A5700019E18 /* Project object */;
}
